
Microsoft Visual Studio Solution File, Format Version 12.00
# Visual Studio Version 16
VisualStudioVersion = 16.0.29806.167
MinimumVisualStudioVersion = 10.0.40219.1
Project("{FAE04EC0-301F-11D3-BF4B-00C04F79EFBC}") = "SchoolWeb", "SchoolWeb\SchoolWeb.csproj", "{6DF4A9EE-BBF6-4081-908C-94A9C4437D85}"
EndProject
Global
	GlobalSection(SolutionConfigurationPlatforms) = preSolution
		Debug|Any CPU = Debug|Any CPU
		Release|Any CPU = Release|Any CPU
	EndGlobalSection
	GlobalSection(ProjectConfigurationPlatforms) = postSolution
		{6DF4A9EE-BBF6-4081-908C-94A9C4437D85}.Debug|Any CPU.ActiveCfg = Debug|Any CPU
		{6DF4A9EE-BBF6-4081-908C-94A9C4437D85}.Debug|Any CPU.Build.0 = Debug|Any CPU
		{6DF4A9EE-BBF6-4081-908C-94A9C4437D85}.Release|Any CPU.ActiveCfg = Release|Any CPU
		{6DF4A9EE-BBF6-4081-908C-94A9C4437D85}.Release|Any CPU.Build.0 = Release|Any CPU
	EndGlobalSection
	GlobalSection(SolutionProperties) = preSolution
		HideSolutionNode = FALSE
	EndGlobalSection
	GlobalSection(ExtensibilityGlobals) = postSolution
		SolutionGuid = {2A38D52E-D7DD-4603-B61E-D4C49CC2E9A6}
	EndGlobalSection
EndGlobal
